<?xml version="1.0" encoding="utf-8"?>
<Project ToolsVersion="4.0" xmlns="http://schemas.microsoft.com/developer/msbuild/2003">
  <ItemGroup>
    <Filter Include="Source Files">
      <UniqueIdentifier>{4FC737F1-C7A5-4376-A066-2A32D752A2FF}</UniqueIdentifier>
      <Extensions>cpp;c;cc;cxx;c++;cppm;ixx;def;odl;idl;hpj;bat;asm;asmx</Extensions>
    </Filter>
    <Filter Include="Header Files">
      <UniqueIdentifier>{93995380-89BD-4b04-88EB-625FBE52EBFB}</UniqueIdentifier>
      <Extensions>h;hh;hpp;hxx;h++;hm;inl;inc;ipp;xsd</Extensions>
    </Filter>
    <Filter Include="Resource Files">
      <UniqueIdentifier>{67DA6AB6-F800-4c08-8B7A-83BB121AAD01}</UniqueIdentifier>
      <Extensions>rc;ico;cur;bmp;dlg;rc2;rct;bin;rgs;gif;jpg;jpeg;jpe;resx;tiff;tif;png;wav;mfcribbon-ms</Extensions>
    </Filter>
  </ItemGroup>
  <ItemGroup>
    <MASM Include="main.asm">
      <Filter>Source Files</Filter>
    </MASM>
    <MASM Include="registerStudent.asm">
      <Filter>Source Files</Filter>
    </MASM>
    <MASM Include="readStudent.asm">
      <Filter>Source Files</Filter>
    </MASM>
    <MASM Include="compareString.asm">
      <Filter>Source Files</Filter>
    </MASM>
    <MASM Include="LoginStudent.ASM">
      <Filter>Source Files</Filter>
    </MASM>
    <MASM Include="changePassword.asm">
      <Filter>Source Files</Filter>
    </MASM>
    <MASM Include="coursedescrription.asm">
      <Filter>Source Files</Filter>
    </MASM>
    <MASM Include="courseschedule.asm">
      <Filter>Source Files</Filter>
    </MASM>
    <MASM Include="paper.asm">
      <Filter>Source Files</Filter>
    </MASM>
    <MASM Include="gradestore.asm">
      <Filter>Source Files</Filter>
    </MASM>
    <MASM Include="printMenu.asm">
      <Filter>Source Files</Filter>
    </MASM>
    <MASM Include="concatStr.asm">
      <Filter>Source Files</Filter>
    </MASM>
    <MASM Include="RegisterCourse.asm">
      <Filter>Source Files</Filter>
    </MASM>
    <MASM Include="examsched.asm">
      <Filter>Source Files</Filter>
    </MASM>
    <MASM Include="PrintMainMenu.asm">
      <Filter>Source Files</Filter>
    </MASM>
    <MASM Include="StudentMenu.asm">
      <Filter>Source Files</Filter>
    </MASM>
    <MASM Include="PrintLoginMenu.asm">
      <Filter>Source Files</Filter>
    </MASM>
    <MASM Include="LoginFaculty.asm">
      <Filter>Source Files</Filter>
    </MASM>
    <MASM Include="ReadFaculty.asm">
      <Filter>Source Files</Filter>
    </MASM>
    <MASM Include="FacultyMenu.asm">
      <Filter>Source Files</Filter>
    </MASM>
    <MASM Include="AddCourse.asm">
      <Filter>Source Files</Filter>
    </MASM>
    <MASM Include="ReadCourse.asm">
      <Filter>Source Files</Filter>
    </MASM>
    <MASM Include="showCourses.asm">
      <Filter>Source Files</Filter>
    </MASM>
    <MASM Include="readwrite.asm">
      <Filter>Source Files</Filter>
    </MASM>
  </ItemGroup>
  <ItemGroup>
    <None Include="File.inc">
      <Filter>Header Files</Filter>
    </None>
  </ItemGroup>
  <ItemGroup>
    <Text Include="AuthStudent.txt">
      <Filter>Resource Files</Filter>
    </Text>
    <Text Include="biomedical.txt">
      <Filter>Resource Files</Filter>
    </Text>
    <Text Include="bioschedule.txt">
      <Filter>Resource Files</Filter>
    </Text>
    <Text Include="chemical.txt">
      <Filter>Resource Files</Filter>
    </Text>
    <Text Include="chemsched.txt">
      <Filter>Resource Files</Filter>
    </Text>
    <Text Include="comp.txt">
      <Filter>Resource Files</Filter>
    </Text>
    <Text Include="compsched.txt">
      <Filter>Resource Files</Filter>
    </Text>
    <Text Include="elecshed.txt">
      <Filter>Resource Files</Filter>
    </Text>
    <Text Include="electrical.txt">
      <Filter>Resource Files</Filter>
    </Text>
    <Text Include="gradecomp.txt">
      <Filter>Resource Files</Filter>
    </Text>
    <Text Include="elecg.txt">
      <Filter>Resource Files</Filter>
    </Text>
    <Text Include="biog.txt">
      <Filter>Resource Files</Filter>
    </Text>
    <Text Include="chemg.txt">
      <Filter>Resource Files</Filter>
    </Text>
    <Text Include="bioexam.txt">
      <Filter>Resource Files</Filter>
    </Text>
    <Text Include="chemexam.txt">
      <Filter>Resource Files</Filter>
    </Text>
    <Text Include="compexam.txt">
      <Filter>Resource Files</Filter>
    </Text>
    <Text Include="elecexam.txt">
      <Filter>Resource Files</Filter>
    </Text>
    <Text Include="AuthFaculty.txt">
      <Filter>Resource Files</Filter>
    </Text>
    <Text Include="courses.txt">
      <Filter>Resource Files</Filter>
    </Text>
    <Text Include="Programming-Fundamental.txt">
      <Filter>Resource Files</Filter>
    </Text>
  </ItemGroup>
</Project>